// !$*UTF8*$!
{
	archiveVersion = 1;
	classes = {
	};
	objectVersion = 50;
	objects = {

/* Begin PBXBuildFile section */
		CD4C9C5126C19F4700FFE2F1 /* InviteViewController.swift in Sources */ = {isa = PBXBuildFile; fileRef = CD4C9C5026C19F4700FFE2F1 /* InviteViewController.swift */; };
		CD4C9C5326C1D40300FFE2F1 /* CongratulationsViewController.swift in Sources */ = {isa = PBXBuildFile; fileRef = CD4C9C5226C1D40300FFE2F1 /* CongratulationsViewController.swift */; };
		CD7365A326C271EE0028025A /* CancelInviteViewController.swift in Sources */ = {isa = PBXBuildFile; fileRef = CD7365A226C271EE0028025A /* CancelInviteViewController.swift */; };
		CD7365A526C286EC0028025A /* CancelViewController.swift in Sources */ = {isa = PBXBuildFile; fileRef = CD7365A426C286EC0028025A /* CancelViewController.swift */; };
		CD760F0926C13B6A0079B996 /* AppDelegate.swift in Sources */ = {isa = PBXBuildFile; fileRef = CD760F0826C13B6A0079B996 /* AppDelegate.swift */; };
		CD760F0B26C13B6A0079B996 /* SceneDelegate.swift in Sources */ = {isa = PBXBuildFile; fileRef = CD760F0A26C13B6A0079B996 /* SceneDelegate.swift */; };
		CD760F0D26C13B6A0079B996 /* ViewController.swift in Sources */ = {isa = PBXBuildFile; fileRef = CD760F0C26C13B6A0079B996 /* ViewController.swift */; };
		CD760F1026C13B6A0079B996 /* Main.storyboard in Resources */ = {isa = PBXBuildFile; fileRef = CD760F0E26C13B6A0079B996 /* Main.storyboard */; };
		CD760F1226C13B6B0079B996 /* Assets.xcassets in Resources */ = {isa = PBXBuildFile; fileRef = CD760F1126C13B6B0079B996 /* Assets.xcassets */; };
		CD760F1526C13B6B0079B996 /* LaunchScreen.storyboard in Resources */ = {isa = PBXBuildFile; fileRef = CD760F1326C13B6B0079B996 /* LaunchScreen.storyboard */; };
/* End PBXBuildFile section */

/* Begin PBXFileReference section */
		CD4C9C5026C19F4700FFE2F1 /* InviteViewController.swift */ = {isa = PBXFileReference; lastKnownFileType = sourcecode.swift; path = InviteViewController.swift; sourceTree = "<group>"; };
		CD4C9C5226C1D40300FFE2F1 /* CongratulationsViewController.swift */ = {isa = PBXFileReference; lastKnownFileType = sourcecode.swift; path = CongratulationsViewController.swift; sourceTree = "<group>"; };
		CD7365A226C271EE0028025A /* CancelInviteViewController.swift */ = {isa = PBXFileReference; lastKnownFileType = sourcecode.swift; path = CancelInviteViewController.swift; sourceTree = "<group>"; };
		CD7365A426C286EC0028025A /* CancelViewController.swift */ = {isa = PBXFileReference; lastKnownFileType = sourcecode.swift; path = CancelViewController.swift; sourceTree = "<group>"; };
		CD760F0526C13B6A0079B996 /* broAndCo.app */ = {isa = PBXFileReference; explicitFileType = wrapper.application; includeInIndex = 0; path = broAndCo.app; sourceTree = BUILT_PRODUCTS_DIR; };
		CD760F0826C13B6A0079B996 /* AppDelegate.swift */ = {isa = PBXFileReference; lastKnownFileType = sourcecode.swift; path = AppDelegate.swift; sourceTree = "<group>"; };
		CD760F0A26C13B6A0079B996 /* SceneDelegate.swift */ = {isa = PBXFileReference; lastKnownFileType = sourcecode.swift; path = SceneDelegate.swift; sourceTree = "<group>"; };
		CD760F0C26C13B6A0079B996 /* ViewController.swift */ = {isa = PBXFileReference; lastKnownFileType = sourcecode.swift; path = ViewController.swift; sourceTree = "<group>"; };
		CD760F0F26C13B6A0079B996 /* Base */ = {isa = PBXFileReference; lastKnownFileType = file.storyboard; name = Base; path = Base.lproj/Main.storyboard; sourceTree = "<group>"; };
		CD760F1126C13B6B0079B996 /* Assets.xcassets */ = {isa = PBXFileReference; lastKnownFileType = folder.assetcatalog; path = Assets.xcassets; sourceTree = "<group>"; };
		CD760F1426C13B6B0079B996 /* Base */ = {isa = PBXFileReference; lastKnownFileType = file.storyboard; name = Base; path = Base.lproj/LaunchScreen.storyboard; sourceTree = "<group>"; };
		CD760F1626C13B6B0079B996 /* Info.plist */ = {isa = PBXFileReference; lastKnownFileType = text.plist.xml; path = Info.plist; sourceTree = "<group>"; };
/* End PBXFileReference section */

/* Begin PBXFrameworksBuildPhase section */
		CD760F0226C13B6A0079B996 /* Frameworks */ = {
			isa = PBXFrameworksBuildPhase;
			buildActionMask = 2147483647;
			files = (
			);
			runOnlyForDeploymentPostprocessing = 0;
		};
/* End PBXFrameworksBuildPhase section */

/* Begin PBXGroup section */
		CD760EFC26C13B6A0079B996 = {
			isa = PBXGroup;
			children = (
				CD760F0726C13B6A0079B996 /* broAndCo */,
				CD760F0626C13B6A0079B996 /* Products */,
			);
			sourceTree = "<group>";
		};
		CD760F0626C13B6A0079B996 /* Products */ = {
			isa = PBXGroup;
			children = (
				CD760F0526C13B6A0079B996 /* broAndCo.app */,
			);
			name = Products;
			sourceTree = "<group>";
		};
		CD760F0726C13B6A0079B996 /* broAndCo */ = {
			isa = PBXGroup;
			children = (
				CD760F0826C13B6A0079B996 /* AppDelegate.swift */,
				CD760F0A26C13B6A0079B996 /* SceneDelegate.swift */,
				CD760F0C26C13B6A0079B996 /* ViewController.swift */,
				CD4C9C5026C19F4700FFE2F1 /* InviteViewController.swift */,
				CD7365A226C271EE0028025A /* CancelInviteViewController.swift */,
				CD7365A426C286EC0028025A /* CancelViewController.swift */,
				CD4C9C5226C1D40300FFE2F1 /* CongratulationsViewController.swift */,
				CD760F0E26C13B6A0079B996 /* Main.storyboard */,
				CD760F1126C13B6B0079B996 /* Assets.xcassets */,
				CD760F1326C13B6B0079B996 /* LaunchScreen.storyboard */,
				CD760F1626C13B6B0079B996 /* Info.plist */,
			);
			path = broAndCo;
			sourceTree = "<group>";
		};
/* End PBXGroup section */

/* Begin PBXNativeTarget section */
		CD760F0426C13B6A0079B996 /* broAndCo */ = {
			isa = PBXNativeTarget;
			buildConfigurationList = CD760F1926C13B6B0079B996 /* Build configuration list for PBXNativeTarget "broAndCo" */;
			buildPhases = (
				CD760F0126C13B6A0079B996 /* Sources */,
				CD760F0226C13B6A0079B996 /* Frameworks */,
				CD760F0326C13B6A0079B996 /* Resources */,
			);
			buildRules = (
			);
			dependencies = (
			);
			name = broAndCo;
			productName = broAndCo;
			productReference = CD760F0526C13B6A0079B996 /* broAndCo.app */;
			productType = "com.apple.product-type.application";
		};
/* End PBXNativeTarget section */

/* Begin PBXProject section */
		CD760EFD26C13B6A0079B996 /* Project object */ = {
			isa = PBXProject;
			attributes = {
				LastSwiftUpdateCheck = 1250;
				LastUpgradeCheck = 1250;
				TargetAttributes = {
					CD760F0426C13B6A0079B996 = {
						CreatedOnToolsVersion = 12.5.1;
					};
				};
			};
			buildConfigurationList = CD760F0026C13B6A0079B996 /* Build configuration list for PBXProject "broAndCo" */;
			compatibilityVersion = "Xcode 9.3";
			developmentRegion = en;
			hasScannedForEncodings = 0;
			knownRegions = (
				en,
				Base,
			);
			mainGroup = CD760EFC26C13B6A0079B996;
			productRefGroup = CD760F0626C13B6A0079B996 /* Products */;
			projectDirPath = "";
			projectRoot = "";
			targets = (
				CD760F0426C13B6A0079B996 /* broAndCo */,
			);
		};
/* End PBXProject section */

/* Begin PBXResourcesBuildPhase section */
		CD760F0326C13B6A0079B996 /* Resources */ = {
			isa = PBXResourcesBuildPhase;
			buildActionMask = 2147483647;
			files = (
				CD760F1526C13B6B0079B996 /* LaunchScreen.storyboard in Resources */,
				CD760F1226C13B6B0079B996 /* Assets.xcassets in Resources */,
				CD760F1026C13B6A0079B996 /* Main.storyboard in Resources */,
			);
			runOnlyForDeploymentPostprocessing = 0;
		};
/* End PBXResourcesBuildPhase section */

/* Begin PBXSourcesBuildPhase section */
		CD760F0126C13B6A0079B996 /* Sources */ = {
			isa = PBXSourcesBuildPhase;
			buildActionMask = 2147483647;
			files = (
				CD760F0D26C13B6A0079B996 /* ViewController.swift in Sources */,
				CD760F0926C13B6A0079B996 /* AppDelegate.swift in Sources */,
				CD7365A326C271EE0028025A /* CancelInviteViewController.swift in Sources */,
				CD760F0B26C13B6A0079B996 /* SceneDelegate.swift in Sources */,
				CD4C9C5326C1D40300FFE2F1 /* CongratulationsViewController.swift in Sources */,
				CD7365A526C286EC0028025A /* CancelViewController.swift in Sources */,
				CD4C9C5126C19F4700FFE2F1 /* InviteViewController.swift in Sources */,
			);
			runOnlyForDeploymentPostprocessing = 0;
		};
/* End PBXSourcesBuildPhase section */

/* Begin PBXVariantGroup section */
		CD760F0E26C13B6A0079B996 /* Main.storyboard */ = {
			isa = PBXVariantGroup;
			children = (
				CD760F0F26C13B6A0079B996 /* Base */,
			);
			name = Main.storyboard;
			sourceTree = "<group>";
		};
		CD760F1326C13B6B0079B996 /* LaunchScreen.storyboard */ = {
			isa = PBXVariantGroup;
			children = (
				CD760F1426C13B6B0079B996 /* Base */,
			);
			name = LaunchScreen.storyboard;
			sourceTree = "<group>";
		};
/* End PBXVariantGroup section */

/* Begin XCBuildConfiguration section */
		CD760F1726C13B6B0079B996 /* Debug */ = {
			isa = XCBuildConfiguration;
			buildSettings = {
				ALWAYS_SEARCH_USER_PATHS = NO;
				CLANG_ANALYZER_NONNULL = YES;
				CLANG_ANALYZER_NUMBER_OBJECT_CONVERSION = YES_AGGRESSIVE;
				CLANG_CXX_LANGUAGE_STANDARD = "gnu++14";
				CLANG_CXX_LIBRARY = "libc++";
				CLANG_ENABLE_MODULES = YES;
				CLANG_ENABLE_OBJC_ARC = YES;
				CLANG_ENABLE_OBJC_WEAK = YES;
				CLANG_WARN_BLOCK_CAPTURE_AUTORELEASING = YES;
				CLANG_WARN_BOOL_CONVERSION = YES;
				CLANG_WARN_COMMA = YES;
				CLANG_WARN_CONSTANT_CONVERSION = YES;
				CLANG_WARN_DEPRECATED_OBJC_IMPLEMENTATIONS = YES;
				CLANG_WARN_DIRECT_OBJC_ISA_USAGE = YES_ERROR;
				CLANG_WARN_DOCUMENTATION_COMMENTS = YES;
				CLANG_WARN_EMPTY_BODY = YES;
				CLANG_WARN_ENUM_CONVERSION = YES;
				CLANG_WARN_INFINITE_RECURSION = YES;
				CLANG_WARN_INT_CONVERSION = YES;
				CLANG_WARN_NON_LITERAL_NULL_CONVERSION = YES;
				CLANG_WARN_OBJC_IMPLICIT_RETAIN_SELF = YES;
				CLANG_WARN_OBJC_LITERAL_CONVERSION = YES;
				CLANG_WARN_OBJC_ROOT_CLASS = YES_ERROR;
				CLANG_WARN_QUOTED_INCLUDE_IN_FRAMEWORK_HEADER = YES;
				CLANG_WARN_RANGE_LOOP_ANALYSIS = YES;
				CLANG_WARN_STRICT_PROTOTYPES = YES;
				CLANG_WARN_SUSPICIOUS_MOVE = YES;
				CLANG_WARN_UNGUARDED_AVAILABILITY = YES_AGGRESSIVE;
				CLANG_WARN_UNREACHABLE_CODE = YES;
				CLANG_WARN__DUPLICATE_METHOD_MATCH = YES;
				COPY_PHASE_STRIP = NO;
				DEBUG_INFORMATION_FORMAT = dwarf;
				ENABLE_STRICT_OBJC_MSGSEND = YES;
				ENABLE_TESTABILITY = YES;
				GCC_C_LANGUAGE_STANDARD = gnu11;
				GCC_DYNAMIC_NO_PIC = NO;
				GCC_NO_COMMON_BLOCKS = YES;
				GCC_OPTIMIZATION_LEVEL = 0;
				GCC_PREPROCESSOR_DEFINITIONS = (
					"DEBUG=1",
					"$(inherited)",
				);
				GCC_WARN_64_TO_32_BIT_CONVERSION = YES;
				GCC_WARN_ABOUT_RETURN_TYPE = YES_ERROR;
				GCC_WARN_UNDECLARED_SELECTOR = YES;
				GCC_WARN_UNINITIALIZED_AUTOS = YES_AGGRESSIVE;
				GCC_WARN_UNUSED_FUNCTION = YES;
				GCC_WARN_UNUSED_VARIABLE = YES;
				IPHONEOS_DEPLOYMENT_TARGET = 14.5;
				MTL_ENABLE_DEBUG_INFO = INCLUDE_SOURCE;
				MTL_FAST_MATH = YES;
				ONLY_ACTIVE_ARCH = YES;
				SDKROOT = iphoneos;
				SWIFT_ACTIVE_COMPILATION_CONDITIONS = DEBUG;
				SWIFT_OPTIMIZATION_LEVEL = "-Onone";
			};
			name = Debug;
		};
		CD760F1826C13B6B0079B996 /* Release */ = {
			isa = XCBuildConfiguration;
			buildSettings = {
				ALWAYS_SEARCH_USER_PATHS = NO;
				CLANG_ANALYZER_NONNULL = YES;
				CLANG_ANALYZER_NUMBER_OBJECT_CONVERSION = YES_AGGRESSIVE;
				CLANG_CXX_LANGUAGE_STANDARD = "gnu++14";
				CLANG_CXX_LIBRARY = "libc++";
				CLANG_ENABLE_MODULES = YES;
				CLANG_ENABLE_OBJC_ARC = YES;
				CLANG_ENABLE_OBJC_WEAK = YES;
				CLANG_WARN_BLOCK_CAPTURE_AUTORELEASING = YES;
				CLANG_WARN_BOOL_CONVERSION = YES;
				CLANG_WARN_COMMA = YES;
				CLANG_WARN_CONSTANT_CONVERSION = YES;
				CLANG_WARN_DEPRECATED_OBJC_IMPLEMENTATIONS = YES;
				CLANG_WARN_DIRECT_OBJC_ISA_USAGE = YES_ERROR;
				CLANG_WARN_DOCUMENTATION_COMMENTS = YES;
				CLANG_WARN_EMPTY_BODY = YES;
				CLANG_WARN_ENUM_CONVERSION = YES;
				CLANG_WARN_INFINITE_RECURSION = YES;
				CLANG_WARN_INT_CONVERSION = YES;
				CLANG_WARN_NON_LITERAL_NULL_CONVERSION = YES;
				CLANG_WARN_OBJC_IMPLICIT_RETAIN_SELF = YES;
				CLANG_WARN_OBJC_LITERAL_CONVERSION = YES;
				CLANG_WARN_OBJC_ROOT_CLASS = YES_ERROR;
				CLANG_WARN_QUOTED_INCLUDE_IN_FRAMEWORK_HEADER = YES;
				CLANG_WARN_RANGE_LOOP_ANALYSIS = YES;
				CLANG_WARN_STRICT_PROTOTYPES = YES;
				CLANG_WARN_SUSPICIOUS_MOVE = YES;
				CLANG_WARN_UNGUARDED_AVAILABILITY = YES_AGGRESSIVE;
				CLANG_WARN_UNREACHABLE_CODE = YES;
				CLANG_WARN__DUPLICATE_METHOD_MATCH = YES;
				COPY_PHASE_STRIP = NO;
				DEBUG_INFORMATION_FORMAT = "dwarf-with-dsym";
				ENABLE_NS_ASSERTIONS = NO;
				ENABLE_STRICT_OBJC_MSGSEND = YES;
				GCC_C_LANGUAGE_STANDARD = gnu11;
				GCC_NO_COMMON_BLOCKS = YES;
				GCC_WARN_64_TO_32_BIT_CONVERSION = YES;
				GCC_WARN_ABOUT_RETURN_TYPE = YES_ERROR;
				GCC_WARN_UNDECLARED_SELECTOR = YES;
				GCC_WARN_UNINITIALIZED_AUTOS = YES_AGGRESSIVE;
				GCC_WARN_UNUSED_FUNCTION = YES;
				GCC_WARN_UNUSED_VARIABLE = YES;
				IPHONEOS_DEPLOYMENT_TARGET = 14.5;
				MTL_ENABLE_DEBUG_INFO = NO;
				MTL_FAST_MATH = YES;
				SDKROOT = iphoneos;
				SWIFT_COMPILATION_MODE = wholemodule;
				SWIFT_OPTIMIZATION_LEVEL = "-O";
				VALIDATE_PRODUCT = YES;
			};
			name = Release;
		};
		CD760F1A26C13B6B0079B996 /* Debug */ = {
			isa = XCBuildConfiguration;
			buildSettings = {
				ASSETCATALOG_COMPILER_APPICON_NAME = AppIcon;
				ASSETCATALOG_COMPILER_GLOBAL_ACCENT_COLOR_NAME = AccentColor;
				CODE_SIGN_STYLE = Automatic;
				INFOPLIST_FILE = broAndCo/Info.plist;
				LD_RUNPATH_SEARCH_PATHS = (
					"$(inherited)",
					"@executable_path/Frameworks",
				);
				PRODUCT_BUNDLE_IDENTIFIER = sheridan.broAndCo;
				PRODUCT_NAME = "$(TARGET_NAME)";
				SWIFT_VERSION = 5.0;
				TARGETED_DEVICE_FAMILY = "1,2";
			};
			name = Debug;
		};
		CD760F1B26C13B6B0079B996 /* Release */ = {
			isa = XCBuildConfiguration;
			buildSettings = {
				ASSETCATALOG_COMPILER_APPICON_NAME = AppIcon;
				ASSETCATALOG_COMPILER_GLOBAL_ACCENT_COLOR_NAME = AccentColor;
				CODE_SIGN_STYLE = Automatic;
				INFOPLIST_FILE = broAndCo/Info.plist;
				LD_RUNPATH_SEARCH_PATHS = (
					"$(inherited)",
					"@executable_path/Frameworks",
				);
				PRODUCT_BUNDLE_IDENTIFIER = sheridan.broAndCo;
				PRODUCT_NAME = "$(TARGET_NAME)";
				SWIFT_VERSION = 5.0;
				TARGETED_DEVICE_FAMILY = "1,2";
			};
			name = Release;
		};
/* End XCBuildConfiguration section */

/* Begin XCConfigurationList section */
		CD760F0026C13B6A0079B996 /* Build configuration list for PBXProject "broAndCo" */ = {
			isa = XCConfigurationList;
			buildConfigurations = (
				CD760F1726C13B6B0079B996 /* Debug */,
				CD760F1826C13B6B0079B996 /* Release */,
			);
			defaultConfigurationIsVisible = 0;
			defaultConfigurationName = Release;
		};
		CD760F1926C13B6B0079B996 /* Build configuration list for PBXNativeTarget "broAndCo" */ = {
			isa = XCConfigurationList;
			buildConfigurations = (
				CD760F1A26C13B6B0079B996 /* Debug */,
				CD760F1B26C13B6B0079B996 /* Release */,
			);
			defaultConfigurationIsVisible = 0;
			defaultConfigurationName = Release;
		};
/* End XCConfigurationList section */
	};
	rootObject = CD760EFD26C13B6A0079B996 /* Project object */;
}
